
Microsoft Visual Studio Solution File, Format Version 12.00
# Visual Studio Version 17
VisualStudioVersion = 17.5.002.0
MinimumVisualStudioVersion = 10.0.40219.1
Project("{2150E333-8FDC-42A3-9474-1A3956D46DE8}") = "Scenarios", "Scenarios", "{6AECF8CF-34FC-4102-A5AE-F649FDC21692}"
EndProject
Project("{2150E333-8FDC-42A3-9474-1A3956D46DE8}") = "Testing-Scalability", "Testing-Scalability", "{379D21B8-24B6-401B-A19F-A9D7D4FD1E02}"
EndProject
Project("{9A19103F-16F7-4668-BE54-9A1E7A4F7556}") = "SimpleApi", "Scenarios\Testing-Scalability\dotnet\SimpleApi.csproj", "{30694D92-2CDD-4C5E-BA67-6777D8778720}"
EndProject
Global
	GlobalSection(SolutionConfigurationPlatforms) = preSolution
		Debug|Any CPU = Debug|Any CPU
		Release|Any CPU = Release|Any CPU
	EndGlobalSection
	GlobalSection(ProjectConfigurationPlatforms) = postSolution
		{30694D92-2CDD-4C5E-BA67-6777D8778720}.Debug|Any CPU.ActiveCfg = Debug|Any CPU
		{30694D92-2CDD-4C5E-BA67-6777D8778720}.Debug|Any CPU.Build.0 = Debug|Any CPU
		{30694D92-2CDD-4C5E-BA67-6777D8778720}.Release|Any CPU.ActiveCfg = Release|Any CPU
		{30694D92-2CDD-4C5E-BA67-6777D8778720}.Release|Any CPU.Build.0 = Release|Any CPU
	EndGlobalSection
	GlobalSection(SolutionProperties) = preSolution
		HideSolutionNode = FALSE
	EndGlobalSection
	GlobalSection(NestedProjects) = preSolution
		{379D21B8-24B6-401B-A19F-A9D7D4FD1E02} = {6AECF8CF-34FC-4102-A5AE-F649FDC21692}
		{30694D92-2CDD-4C5E-BA67-6777D8778720} = {379D21B8-24B6-401B-A19F-A9D7D4FD1E02}
	EndGlobalSection
	GlobalSection(ExtensibilityGlobals) = postSolution
		SolutionGuid = {0E6CEBEF-05C8-4DD6-B1C9-9698F8FB84E5}
	EndGlobalSection
EndGlobal
